{
  "name": "flatted-test",
  "version": "1.0.0",
  "lockfileVersion": 1,
  "requires": true,
  "dependencies": {
    "flatted": {
      "version": "3.0.5",
      "resolved": "https://npm.altislabs.com/flatted/-/flatted-3.0.5.tgz",
      "integrity": "sha512-bDEpEsHk2pHn4R+slxblk0N0gK5lQsK2aRwW6LJyIpX3o9qhoVkufDjDvU3fpSJbR7UgOl+icRoR9agYyjzMTw=="
    }
  }
}
